Microsoft Visual Studio Solution File, Format Version 12.00
# Visual Studio Version 17
VisualStudioVersion = 17.5.2.0
MinimumVisualStudioVersion = 10.0.40219.1
Project("{FAE04EC0-301F-11D3-BF4B-00C04F79EFBC}") = "DiscoverPhilippines", "DiscoverPhilippines.csproj", "{9FBD826A-6673-8725-70B6-CAE330E9AD10}"
EndProject
Global
	GlobalSection(SolutionConfigurationPlatforms) = preSolution
		Debug|Any CPU = Debug|Any CPU
		Release|Any CPU = Release|Any CPU
	EndGlobalSection
	GlobalSection(ProjectConfigurationPlatforms) = postSolution
		{9FBD826A-6673-8725-70B6-CAE330E9AD10}.Debug|Any CPU.ActiveCfg = Debug|Any CPU
		{9FBD826A-6673-8725-70B6-CAE330E9AD10}.Debug|Any CPU.Build.0 = Debug|Any CPU
		{9FBD826A-6673-8725-70B6-CAE330E9AD10}.Release|Any CPU.ActiveCfg = Release|Any CPU
		{9FBD826A-6673-8725-70B6-CAE330E9AD10}.Release|Any CPU.Build.0 = Release|Any CPU
	EndGlobalSection
	GlobalSection(SolutionProperties) = preSolution
		HideSolutionNode = FALSE
	EndGlobalSection
	GlobalSection(ExtensibilityGlobals) = postSolution
		SolutionGuid = {2E1A84D4-9F58-44CF-88D3-C6A2A3A1A323}
	EndGlobalSection
EndGlobal
